<?xml version="1.0" encoding="utf-8"?>
<Project ToolsVersion="4.0" xmlns="http://schemas.microsoft.com/developer/msbuild/2003">
  <ItemGroup>
    <Filter Include="Source Files">
      <UniqueIdentifier>{4FC737F1-C7A5-4376-A066-2A32D752A2FF}</UniqueIdentifier>
      <Extensions>cpp;c;cc;cxx;c++;cppm;ixx;def;odl;idl;hpj;bat;asm;asmx</Extensions>
    </Filter>
    <Filter Include="Header Files">
      <UniqueIdentifier>{93995380-89BD-4b04-88EB-625FBE52EBFB}</UniqueIdentifier>
      <Extensions>h;hh;hpp;hxx;h++;hm;inl;inc;ipp;xsd</Extensions>
    </Filter>
    <Filter Include="Resource Files">
      <UniqueIdentifier>{67DA6AB6-F800-4c08-8B7A-83BB121AAD01}</UniqueIdentifier>
      <Extensions>rc;ico;cur;bmp;dlg;rc2;rct;bin;rgs;gif;jpg;jpeg;jpe;resx;tiff;tif;png;wav;mfcribbon-ms</Extensions>
    </Filter>
  </ItemGroup>
  <ItemGroup>
    <ClCompile Include="Source\main.cpp">
      <Filter>Source Files</Filter>
    </ClCompile>
    <ClCompile Include="Source\Game.cpp">
      <Filter>Source Files</Filter>
    </ClCompile>
    <ClCompile Include="Source\Enemy.cpp">
      <Filter>Source Files</Filter>
    </ClCompile>
    <ClCompile Include="Source\HelperFunctions.cpp">
      <Filter>Source Files</Filter>
    </ClCompile>
    <ClCompile Include="Source\Entity.cpp">
      <Filter>Source Files</Filter>
    </ClCompile>
    <ClCompile Include="Source\Projectile.cpp">
      <Filter>Source Files</Filter>
    </ClCompile>
    <ClCompile Include="Source\ContentManager.cpp">
      <Filter>Source Files</Filter>
    </ClCompile>
    <ClCompile Include="Source\TurretObject.cpp">
      <Filter>Source Files</Filter>
    </ClCompile>
    <ClCompile Include="Source\PlayerTurretController.cpp">
      <Filter>Source Files</Filter>
    </ClCompile>
  </ItemGroup>
  <ItemGroup>
    <ClInclude Include="Source\Game.h">
      <Filter>Header Files</Filter>
    </ClInclude>
    <ClInclude Include="Source\Enemy.h">
      <Filter>Header Files</Filter>
    </ClInclude>
    <ClInclude Include="Source\Enums.h">
      <Filter>Header Files</Filter>
    </ClInclude>
    <ClInclude Include="Source\HelperFunctions.h">
      <Filter>Header Files</Filter>
    </ClInclude>
    <ClInclude Include="Source\Entity.h">
      <Filter>Header Files</Filter>
    </ClInclude>
    <ClInclude Include="Source\Projectile.h">
      <Filter>Header Files</Filter>
    </ClInclude>
    <ClInclude Include="Source\ContentManager.h">
      <Filter>Header Files</Filter>
    </ClInclude>
    <ClInclude Include="Source\Structs.h">
      <Filter>Header Files</Filter>
    </ClInclude>
    <ClInclude Include="Source\TurretObject.h">
      <Filter>Header Files</Filter>
    </ClInclude>
    <ClInclude Include="Source\PlayerTurretController.h">
      <Filter>Header Files</Filter>
    </ClInclude>
  </ItemGroup>
  <ItemGroup>
    <Font Include="Fonts\times.ttf">
      <Filter>Resource Files</Filter>
    </Font>
  </ItemGroup>
  <ItemGroup>
    <Image Include="Images\T_Background.png">
      <Filter>Resource Files</Filter>
    </Image>
    <Image Include="Images\T_Crosshair.png">
      <Filter>Resource Files</Filter>
    </Image>
    <Image Include="Images\T_Rocket_01.png">
      <Filter>Resource Files</Filter>
    </Image>
    <Image Include="Images\T_DefaultChecker.png">
      <Filter>Resource Files</Filter>
    </Image>
    <Image Include="Images\T_Background_02.png">
      <Filter>Resource Files</Filter>
    </Image>
  </ItemGroup>
</Project>